
Microsoft Visual Studio Solution File, Format Version 12.00
# Visual Studio 14
VisualStudioVersion = 14.0.25420.1
MinimumVisualStudioVersion = 10.0.40219.1
Project("{FAE04EC0-301F-11D3-BF4B-00C04F79EFBC}") = "ImpactMap", "ImpactMap\ImpactMap.csproj", "{C8FF0E9D-7B6A-4120-8BC5-99CBE5980688}"
EndProject
Global
	GlobalSection(SolutionConfigurationPlatforms) = preSolution
		Debug|Any CPU = Debug|Any CPU
		Release|Any CPU = Release|Any CPU
	EndGlobalSection
	GlobalSection(ProjectConfigurationPlatforms) = postSolution
		{C8FF0E9D-7B6A-4120-8BC5-99CBE5980688}.Debug|Any CPU.ActiveCfg = Debug|Any CPU
		{C8FF0E9D-7B6A-4120-8BC5-99CBE5980688}.Debug|Any CPU.Build.0 = Debug|Any CPU
		{C8FF0E9D-7B6A-4120-8BC5-99CBE5980688}.Release|Any CPU.ActiveCfg = Release|Any CPU
		{C8FF0E9D-7B6A-4120-8BC5-99CBE5980688}.Release|Any CPU.Build.0 = Release|Any CPU
	EndGlobalSection
	GlobalSection(SolutionProperties) = preSolution
		HideSolutionNode = FALSE
	EndGlobalSection
EndGlobal
